
Microsoft Visual Studio Solution File, Format Version 12.00
# Visual Studio Version 16
VisualStudioVersion = 16.0.29123.88
MinimumVisualStudioVersion = 10.0.40219.1
Project("{151D2E53-A2C4-4D7D-83FE-D05416EBD58E}") = "LogicAppsWithEventHub", "LogicAppsWithEventHub\LogicAppsWithEventHub.deployproj", "{C0FC6D51-8A55-4935-8148-FCA1159F06C0}"
EndProject
Global
	GlobalSection(SolutionConfigurationPlatforms) = preSolution
		Debug|Any CPU = Debug|Any CPU
		Release|Any CPU = Release|Any CPU
	EndGlobalSection
	GlobalSection(ProjectConfigurationPlatforms) = postSolution
		{C0FC6D51-8A55-4935-8148-FCA1159F06C0}.Debug|Any CPU.ActiveCfg = Debug|Any CPU
		{C0FC6D51-8A55-4935-8148-FCA1159F06C0}.Debug|Any CPU.Build.0 = Debug|Any CPU
		{C0FC6D51-8A55-4935-8148-FCA1159F06C0}.Release|Any CPU.ActiveCfg = Release|Any CPU
		{C0FC6D51-8A55-4935-8148-FCA1159F06C0}.Release|Any CPU.Build.0 = Release|Any CPU
	EndGlobalSection
	GlobalSection(SolutionProperties) = preSolution
		HideSolutionNode = FALSE
	EndGlobalSection
	GlobalSection(ExtensibilityGlobals) = postSolution
		SolutionGuid = {0678744A-8F04-4527-90C1-EFAF6F46BF17}
	EndGlobalSection
EndGlobal
